
Microsoft Visual Studio Solution File, Format Version 12.00
# Visual Studio Version 17
VisualStudioVersion = 17.11.35208.52
MinimumVisualStudioVersion = 10.0.40219.1
Project("{FAE04EC0-301F-11D3-BF4B-00C04F79EFBC}") = "PruebaDSV", "PruebaDSV.csproj", "{7127C220-6C28-492B-BE7B-66A31CD5CCB3}"
EndProject
Global
	GlobalSection(SolutionConfigurationPlatforms) = preSolution
		Debug|Any CPU = Debug|Any CPU
		Release|Any CPU = Release|Any CPU
	EndGlobalSection
	GlobalSection(ProjectConfigurationPlatforms) = postSolution
		{7127C220-6C28-492B-BE7B-66A31CD5CCB3}.Debug|Any CPU.ActiveCfg = Debug|Any CPU
		{7127C220-6C28-492B-BE7B-66A31CD5CCB3}.Debug|Any CPU.Build.0 = Debug|Any CPU
		{7127C220-6C28-492B-BE7B-66A31CD5CCB3}.Release|Any CPU.ActiveCfg = Release|Any CPU
		{7127C220-6C28-492B-BE7B-66A31CD5CCB3}.Release|Any CPU.Build.0 = Release|Any CPU
	EndGlobalSection
	GlobalSection(SolutionProperties) = preSolution
		HideSolutionNode = FALSE
	EndGlobalSection
	GlobalSection(ExtensibilityGlobals) = postSolution
		SolutionGuid = {D1C7B6A4-3840-465D-850A-4B2D43568950}
	EndGlobalSection
EndGlobal
